
Microsoft Visual Studio Solution File, Format Version 12.00
# Visual Studio Version 16
VisualStudioVersion = 16.0.31624.102
MinimumVisualStudioVersion = 10.0.40219.1
Project("{8BC9CEB8-8B4A-11D0-8D11-00A0C91BC942}") = "Weather", "Weather\Weather.vcxproj", "{8B13549B-65D4-424A-BC2F-F9CD1441AC5F}"
EndProject
Project("{8BC9CEB8-8B4A-11D0-8D11-00A0C91BC942}") = "Battery", "Battery\Battery.vcxproj", "{FFBC517B-2C51-41ED-9B27-F03B9CB0DB18}"
EndProject
Project("{8BC9CEB8-8B4A-11D0-8D11-00A0C91BC942}") = "PluginTemplate", "PluginTemplate\PluginTemplate.vcxproj", "{1C2173CA-593F-45D3-9725-B3FEC66F2D46}"
EndProject
Global
	GlobalSection(SolutionConfigurationPlatforms) = preSolution
		Debug|x64 = Debug|x64
		Debug|x86 = Debug|x86
		Release|x64 = Release|x64
		Release|x86 = Release|x86
	EndGlobalSection
	GlobalSection(ProjectConfigurationPlatforms) = postSolution
		{8B13549B-65D4-424A-BC2F-F9CD1441AC5F}.Debug|x64.ActiveCfg = Debug|x64
		{8B13549B-65D4-424A-BC2F-F9CD1441AC5F}.Debug|x64.Build.0 = Debug|x64
		{8B13549B-65D4-424A-BC2F-F9CD1441AC5F}.Debug|x86.ActiveCfg = Debug|Win32
		{8B13549B-65D4-424A-BC2F-F9CD1441AC5F}.Debug|x86.Build.0 = Debug|Win32
		{8B13549B-65D4-424A-BC2F-F9CD1441AC5F}.Release|x64.ActiveCfg = Release|x64
		{8B13549B-65D4-424A-BC2F-F9CD1441AC5F}.Release|x64.Build.0 = Release|x64
		{8B13549B-65D4-424A-BC2F-F9CD1441AC5F}.Release|x86.ActiveCfg = Release|Win32
		{8B13549B-65D4-424A-BC2F-F9CD1441AC5F}.Release|x86.Build.0 = Release|Win32
		{FFBC517B-2C51-41ED-9B27-F03B9CB0DB18}.Debug|x64.ActiveCfg = Debug|x64
		{FFBC517B-2C51-41ED-9B27-F03B9CB0DB18}.Debug|x64.Build.0 = Debug|x64
		{FFBC517B-2C51-41ED-9B27-F03B9CB0DB18}.Debug|x86.ActiveCfg = Debug|Win32
		{FFBC517B-2C51-41ED-9B27-F03B9CB0DB18}.Debug|x86.Build.0 = Debug|Win32
		{FFBC517B-2C51-41ED-9B27-F03B9CB0DB18}.Release|x64.ActiveCfg = Release|x64
		{FFBC517B-2C51-41ED-9B27-F03B9CB0DB18}.Release|x64.Build.0 = Release|x64
		{FFBC517B-2C51-41ED-9B27-F03B9CB0DB18}.Release|x86.ActiveCfg = Release|Win32
		{FFBC517B-2C51-41ED-9B27-F03B9CB0DB18}.Release|x86.Build.0 = Release|Win32
		{1C2173CA-593F-45D3-9725-B3FEC66F2D46}.Debug|x64.ActiveCfg = Debug|x64
		{1C2173CA-593F-45D3-9725-B3FEC66F2D46}.Debug|x64.Build.0 = Debug|x64
		{1C2173CA-593F-45D3-9725-B3FEC66F2D46}.Debug|x86.ActiveCfg = Debug|Win32
		{1C2173CA-593F-45D3-9725-B3FEC66F2D46}.Debug|x86.Build.0 = Debug|Win32
		{1C2173CA-593F-45D3-9725-B3FEC66F2D46}.Release|x64.ActiveCfg = Release|x64
		{1C2173CA-593F-45D3-9725-B3FEC66F2D46}.Release|x64.Build.0 = Release|x64
		{1C2173CA-593F-45D3-9725-B3FEC66F2D46}.Release|x86.ActiveCfg = Release|Win32
		{1C2173CA-593F-45D3-9725-B3FEC66F2D46}.Release|x86.Build.0 = Release|Win32
	EndGlobalSection
	GlobalSection(SolutionProperties) = preSolution
		HideSolutionNode = FALSE
	EndGlobalSection
	GlobalSection(ExtensibilityGlobals) = postSolution
		SolutionGuid = {05660365-3E31-4ABE-B27A-0F202B70A616}
	EndGlobalSection
EndGlobal
