<?xml version="1.0" encoding="utf-8"?>
<Project ToolsVersion="4.0" xmlns="http://schemas.microsoft.com/developer/msbuild/2003">
  <ItemGroup>
    <Filter Include="源文件">
      <UniqueIdentifier>{4FC737F1-C7A5-4376-A066-2A32D752A2FF}</UniqueIdentifier>
      <Extensions>cpp;c;cc;cxx;def;odl;idl;hpj;bat;asm;asmx</Extensions>
    </Filter>
    <Filter Include="头文件">
      <UniqueIdentifier>{93995380-89BD-4b04-88EB-625FBE52EBFB}</UniqueIdentifier>
      <Extensions>h;hh;hpp;hxx;hm;inl;inc;xsd</Extensions>
    </Filter>
    <Filter Include="资源文件">
      <UniqueIdentifier>{67DA6AB6-F800-4c08-8B7A-83BB121AAD01}</UniqueIdentifier>
      <Extensions>rc;ico;cur;bmp;dlg;rc2;rct;bin;rgs;gif;jpg;jpeg;jpe;resx;tiff;tif;png;wav;mfcribbon-ms</Extensions>
    </Filter>
    <Filter Include="HardwareMonitor">
      <UniqueIdentifier>{fa012483-515b-43cb-b253-5cfbb537da21}</UniqueIdentifier>
    </Filter>
    <Filter Include="HardwareMonitorItem">
      <UniqueIdentifier>{89697fe6-4f2b-4c2a-8c36-26a38f6f6fb3}</UniqueIdentifier>
    </Filter>
    <Filter Include="Helper">
      <UniqueIdentifier>{79ade818-fcec-438c-aea0-24f9333623b6}</UniqueIdentifier>
    </Filter>
    <Filter Include="Forms">
      <UniqueIdentifier>{b24c6d18-c318-4142-86a3-30dfa80a75f1}</UniqueIdentifier>
    </Filter>
    <Filter Include="CommonData">
      <UniqueIdentifier>{8cc6edd5-00d8-4ec3-a1e7-e4f8e2e532ef}</UniqueIdentifier>
    </Filter>
    <Filter Include="资源文件\icons">
      <UniqueIdentifier>{6680ede1-0334-4f05-8605-cc8d1e61c338}</UniqueIdentifier>
    </Filter>
    <Filter Include="Common">
      <UniqueIdentifier>{32e852f0-4e47-4acc-9b08-46e1918a1bcf}</UniqueIdentifier>
    </Filter>
  </ItemGroup>
  <ItemGroup>
    <ClInclude Include="Stdafx.h">
      <Filter>头文件</Filter>
    </ClInclude>
    <ClInclude Include="resource.h">
      <Filter>头文件</Filter>
    </ClInclude>
    <ClInclude Include="UpdateVisitor.h">
      <Filter>头文件</Filter>
    </ClInclude>
    <ClInclude Include="HardwareInfoForm.h">
      <Filter>头文件</Filter>
    </ClInclude>
    <ClInclude Include="HardwareMonitor.h">
      <Filter>HardwareMonitor</Filter>
    </ClInclude>
    <ClInclude Include="HardwareMonitorItem.h">
      <Filter>HardwareMonitorItem</Filter>
    </ClInclude>
    <ClInclude Include="HardwareMonitorHelper.h">
      <Filter>Helper</Filter>
    </ClInclude>
    <ClInclude Include="SettingsForm.h">
      <Filter>头文件</Filter>
    </ClInclude>
    <ClInclude Include="CommonData.h">
      <Filter>CommonData</Filter>
    </ClInclude>
    <ClInclude Include="Common.h">
      <Filter>Common</Filter>
    </ClInclude>
  </ItemGroup>
  <ItemGroup>
    <ClCompile Include="Stdafx.cpp">
      <Filter>源文件</Filter>
    </ClCompile>
    <ClCompile Include="UpdateVisitor.cpp">
      <Filter>源文件</Filter>
    </ClCompile>
    <ClCompile Include="HardwareMonitor.cpp">
      <Filter>HardwareMonitor</Filter>
    </ClCompile>
    <ClCompile Include="HardwareMonitorItem.cpp">
      <Filter>HardwareMonitorItem</Filter>
    </ClCompile>
    <ClCompile Include="HardwareMonitorHelper.cpp">
      <Filter>Helper</Filter>
    </ClCompile>
    <ClCompile Include="HardwareInfoForm.cpp">
      <Filter>Forms</Filter>
    </ClCompile>
    <ClCompile Include="SettingsForm.cpp">
      <Filter>Forms</Filter>
    </ClCompile>
    <ClCompile Include="CommonData.cpp">
      <Filter>CommonData</Filter>
    </ClCompile>
    <ClCompile Include="Common.cpp">
      <Filter>Common</Filter>
    </ClCompile>
  </ItemGroup>
  <ItemGroup>
    <Text Include="ReadMe.txt" />
  </ItemGroup>
  <ItemGroup>
    <ResourceCompile Include="app.rc">
      <Filter>资源文件</Filter>
    </ResourceCompile>
  </ItemGroup>
  <ItemGroup>
    <EmbeddedResource Include="resource.resx">
      <Filter>资源文件</Filter>
    </EmbeddedResource>
    <EmbeddedResource Include="resource.zh-CN.resx">
      <Filter>资源文件</Filter>
    </EmbeddedResource>
  </ItemGroup>
  <ItemGroup>
    <Image Include="res\logo.ico">
      <Filter>资源文件\icons</Filter>
    </Image>
    <Image Include="res\Add.ico">
      <Filter>资源文件\icons</Filter>
    </Image>
    <Image Include="res\Delete.ico">
      <Filter>资源文件\icons</Filter>
    </Image>
    <Image Include="res\MoveDown.ico">
      <Filter>资源文件\icons</Filter>
    </Image>
    <Image Include="res\MoveUp.ico">
      <Filter>资源文件\icons</Filter>
    </Image>
    <Image Include="res\AMD.ico">
      <Filter>资源文件\icons</Filter>
    </Image>
    <Image Include="res\batteries.ico">
      <Filter>资源文件\icons</Filter>
    </Image>
    <Image Include="res\CPU.ico">
      <Filter>资源文件\icons</Filter>
    </Image>
    <Image Include="res\FanColtroller.ico">
      <Filter>资源文件\icons</Filter>
    </Image>
    <Image Include="res\intel.ico">
      <Filter>资源文件\icons</Filter>
    </Image>
    <Image Include="res\MotherBoard.ico">
      <Filter>资源文件\icons</Filter>
    </Image>
    <Image Include="res\Network.ico">
      <Filter>资源文件\icons</Filter>
    </Image>
    <Image Include="res\Nvidia.ico">
      <Filter>资源文件\icons</Filter>
    </Image>
    <Image Include="res\RAM.ico">
      <Filter>资源文件\icons</Filter>
    </Image>
    <Image Include="res\Storage.ico">
      <Filter>资源文件\icons</Filter>
    </Image>
  </ItemGroup>
</Project>