<?xml version="1.0" encoding="utf-8"?>
<Project ToolsVersion="4.0" xmlns="http://schemas.microsoft.com/developer/msbuild/2003">
  <ItemGroup>
    <Filter Include="源文件">
      <UniqueIdentifier>{4FC737F1-C7A5-4376-A066-2A32D752A2FF}</UniqueIdentifier>
      <Extensions>cpp;c;cc;cxx;c++;cppm;ixx;def;odl;idl;hpj;bat;asm;asmx</Extensions>
    </Filter>
    <Filter Include="头文件">
      <UniqueIdentifier>{93995380-89BD-4b04-88EB-625FBE52EBFB}</UniqueIdentifier>
      <Extensions>h;hh;hpp;hxx;h++;hm;inl;inc;ipp;xsd</Extensions>
    </Filter>
    <Filter Include="资源文件">
      <UniqueIdentifier>{67DA6AB6-F800-4c08-8B7A-83BB121AAD01}</UniqueIdentifier>
      <Extensions>rc;ico;cur;bmp;dlg;rc2;rct;bin;rgs;gif;jpg;jpeg;jpe;resx;tiff;tif;png;wav;mfcribbon-ms</Extensions>
    </Filter>
    <Filter Include="Weather">
      <UniqueIdentifier>{b1276a30-5a2e-4c44-a72b-a85f342a1e8e}</UniqueIdentifier>
    </Filter>
    <Filter Include="WeatherItem">
      <UniqueIdentifier>{dea0bd8c-eff4-48bb-913e-262140be1154}</UniqueIdentifier>
    </Filter>
    <Filter Include="DataManager">
      <UniqueIdentifier>{3e0d6e21-34df-4eaa-a06c-8362935b6899}</UniqueIdentifier>
    </Filter>
    <Filter Include="对话框">
      <UniqueIdentifier>{6c31e635-2c3b-4a9d-b8da-3497016dae84}</UniqueIdentifier>
    </Filter>
  </ItemGroup>
  <ItemGroup>
    <ClInclude Include="framework.h">
      <Filter>头文件</Filter>
    </ClInclude>
    <ClInclude Include="pch.h">
      <Filter>头文件</Filter>
    </ClInclude>
    <ClInclude Include="resource.h">
      <Filter>头文件</Filter>
    </ClInclude>
    <ClInclude Include="Weather.h">
      <Filter>Weather</Filter>
    </ClInclude>
    <ClInclude Include="WeatherItem.h">
      <Filter>WeatherItem</Filter>
    </ClInclude>
    <ClInclude Include="DataManager.h">
      <Filter>DataManager</Filter>
    </ClInclude>
    <ClInclude Include="Common.h">
      <Filter>头文件</Filter>
    </ClInclude>
    <ClInclude Include="CityCode.h">
      <Filter>头文件</Filter>
    </ClInclude>
    <ClInclude Include="OptionsDlg.h">
      <Filter>对话框</Filter>
    </ClInclude>
    <ClInclude Include="SelectCityDlg.h">
      <Filter>对话框</Filter>
    </ClInclude>
    <ClInclude Include="CurLocationHelper.h">
      <Filter>头文件</Filter>
    </ClInclude>
  </ItemGroup>
  <ItemGroup>
    <ClCompile Include="pch.cpp">
      <Filter>源文件</Filter>
    </ClCompile>
    <ClCompile Include="Weather.cpp">
      <Filter>Weather</Filter>
    </ClCompile>
    <ClCompile Include="WeatherItem.cpp">
      <Filter>WeatherItem</Filter>
    </ClCompile>
    <ClCompile Include="DataManager.cpp">
      <Filter>DataManager</Filter>
    </ClCompile>
    <ClCompile Include="Common.cpp">
      <Filter>源文件</Filter>
    </ClCompile>
    <ClCompile Include="OptionsDlg.cpp">
      <Filter>对话框</Filter>
    </ClCompile>
    <ClCompile Include="SelectCityDlg.cpp">
      <Filter>对话框</Filter>
    </ClCompile>
    <ClCompile Include="CurLocationHelper.cpp">
      <Filter>源文件</Filter>
    </ClCompile>
  </ItemGroup>
  <ItemGroup>
    <ResourceCompile Include="Weather.rc">
      <Filter>资源文件</Filter>
    </ResourceCompile>
  </ItemGroup>
  <ItemGroup>
    <Image Include="res\find.ico">
      <Filter>资源文件</Filter>
    </Image>
    <Image Include="res\close_d.ico">
      <Filter>资源文件</Filter>
    </Image>
    <Image Include="res\close.ico">
      <Filter>资源文件</Filter>
    </Image>
    <Image Include="res\weather.ico">
      <Filter>资源文件</Filter>
    </Image>
    <Image Include="res\暴雪.ico">
      <Filter>资源文件</Filter>
    </Image>
    <Image Include="res\暴雨.ico">
      <Filter>资源文件</Filter>
    </Image>
    <Image Include="res\冰雹.ico">
      <Filter>资源文件</Filter>
    </Image>
    <Image Include="res\大暴雨.ico">
      <Filter>资源文件</Filter>
    </Image>
    <Image Include="res\大雪.ico">
      <Filter>资源文件</Filter>
    </Image>
    <Image Include="res\大雨.ico">
      <Filter>资源文件</Filter>
    </Image>
    <Image Include="res\多云.ico">
      <Filter>资源文件</Filter>
    </Image>
    <Image Include="res\浮尘.ico">
      <Filter>资源文件</Filter>
    </Image>
    <Image Include="res\雷雨.ico">
      <Filter>资源文件</Filter>
    </Image>
    <Image Include="res\雷阵雨.ico">
      <Filter>资源文件</Filter>
    </Image>
    <Image Include="res\晴.ico">
      <Filter>资源文件</Filter>
    </Image>
    <Image Include="res\沙尘暴.ico">
      <Filter>资源文件</Filter>
    </Image>
    <Image Include="res\霜.ico">
      <Filter>资源文件</Filter>
    </Image>
    <Image Include="res\台风.ico">
      <Filter>资源文件</Filter>
    </Image>
    <Image Include="res\未知.ico">
      <Filter>资源文件</Filter>
    </Image>
    <Image Include="res\雾.ico">
      <Filter>资源文件</Filter>
    </Image>
    <Image Include="res\雾霾.ico">
      <Filter>资源文件</Filter>
    </Image>
    <Image Include="res\小雪.ico">
      <Filter>资源文件</Filter>
    </Image>
    <Image Include="res\小雨.ico">
      <Filter>资源文件</Filter>
    </Image>
    <Image Include="res\杨尘.ico">
      <Filter>资源文件</Filter>
    </Image>
    <Image Include="res\阴.ico">
      <Filter>资源文件</Filter>
    </Image>
    <Image Include="res\雨夹雪.ico">
      <Filter>资源文件</Filter>
    </Image>
    <Image Include="res\阵雨.ico">
      <Filter>资源文件</Filter>
    </Image>
    <Image Include="res\中雪.ico">
      <Filter>资源文件</Filter>
    </Image>
    <Image Include="res\中雨.ico">
      <Filter>资源文件</Filter>
    </Image>
    <Image Include="res\阵雪.ico">
      <Filter>资源文件</Filter>
    </Image>
    <Image Include="res\晴_夜晚.ico">
      <Filter>资源文件</Filter>
    </Image>
    <Image Include="res\多云_夜晚.ico">
      <Filter>资源文件</Filter>
    </Image>
    <Image Include="res\update.ico">
      <Filter>资源文件</Filter>
    </Image>
  </ItemGroup>
</Project>